
Microsoft Visual Studio Solution File, Format Version 12.00
# Visual Studio 15
VisualStudioVersion = 15.0.28307.572
MinimumVisualStudioVersion = 10.0.40219.1
Project("{FAE04EC0-301F-11D3-BF4B-00C04F79EFBC}") = "NotificationApp.Models", "NotificationApp.Models\NotificationApp.Models.csproj", "{CBABC7F5-2598-47C1-B13E-A538537317BF}"
EndProject
Project("{FAE04EC0-301F-11D3-BF4B-00C04F79EFBC}") = "NotificationApp.DataAccess", "NotificationApp.DataAccess\NotificationApp.DataAccess.csproj", "{CAEDC707-ADEB-48E9-A63E-5F7FA19A21CE}"
EndProject
Project("{9A19103F-16F7-4668-BE54-9A1E7A4F7556}") = "NotificationApp.Web", "NotificationApp.Web\NotificationApp.Web.csproj", "{C141DEC1-8264-4101-A4E3-3D3240913E73}"
EndProject
Global
	GlobalSection(SolutionConfigurationPlatforms) = preSolution
		Debug|Any CPU = Debug|Any CPU
		Release|Any CPU = Release|Any CPU
	EndGlobalSection
	GlobalSection(ProjectConfigurationPlatforms) = postSolution
		{CBABC7F5-2598-47C1-B13E-A538537317BF}.Debug|Any CPU.ActiveCfg = Debug|Any CPU
		{CBABC7F5-2598-47C1-B13E-A538537317BF}.Debug|Any CPU.Build.0 = Debug|Any CPU
		{CBABC7F5-2598-47C1-B13E-A538537317BF}.Release|Any CPU.ActiveCfg = Release|Any CPU
		{CBABC7F5-2598-47C1-B13E-A538537317BF}.Release|Any CPU.Build.0 = Release|Any CPU
		{CAEDC707-ADEB-48E9-A63E-5F7FA19A21CE}.Debug|Any CPU.ActiveCfg = Debug|Any CPU
		{CAEDC707-ADEB-48E9-A63E-5F7FA19A21CE}.Debug|Any CPU.Build.0 = Debug|Any CPU
		{CAEDC707-ADEB-48E9-A63E-5F7FA19A21CE}.Release|Any CPU.ActiveCfg = Release|Any CPU
		{CAEDC707-ADEB-48E9-A63E-5F7FA19A21CE}.Release|Any CPU.Build.0 = Release|Any CPU
		{C141DEC1-8264-4101-A4E3-3D3240913E73}.Debug|Any CPU.ActiveCfg = Debug|Any CPU
		{C141DEC1-8264-4101-A4E3-3D3240913E73}.Debug|Any CPU.Build.0 = Debug|Any CPU
		{C141DEC1-8264-4101-A4E3-3D3240913E73}.Release|Any CPU.ActiveCfg = Release|Any CPU
		{C141DEC1-8264-4101-A4E3-3D3240913E73}.Release|Any CPU.Build.0 = Release|Any CPU
	EndGlobalSection
	GlobalSection(SolutionProperties) = preSolution
		HideSolutionNode = FALSE
	EndGlobalSection
	GlobalSection(ExtensibilityGlobals) = postSolution
		SolutionGuid = {0462F847-C7EC-4841-8E6B-0EA2DA0F5E85}
	EndGlobalSection
EndGlobal
